
Microsoft Visual Studio Solution File, Format Version 12.00
# Visual Studio Version 16
VisualStudioVersion = 16.0.30717.126
MinimumVisualStudioVersion = 10.0.40219.1
Project("{FAE04EC0-301F-11D3-BF4B-00C04F79EFBC}") = "ExamPractice", "ExamPractice\ExamPractice.csproj", "{C50B09E5-910D-4393-8FD4-D08A90E91A98}"
EndProject
Global
	GlobalSection(SolutionConfigurationPlatforms) = preSolution
		Debug|Any CPU = Debug|Any CPU
		Release|Any CPU = Release|Any CPU
	EndGlobalSection
	GlobalSection(ProjectConfigurationPlatforms) = postSolution
		{C50B09E5-910D-4393-8FD4-D08A90E91A98}.Debug|Any CPU.ActiveCfg = Debug|Any CPU
		{C50B09E5-910D-4393-8FD4-D08A90E91A98}.Debug|Any CPU.Build.0 = Debug|Any CPU
		{C50B09E5-910D-4393-8FD4-D08A90E91A98}.Release|Any CPU.ActiveCfg = Release|Any CPU
		{C50B09E5-910D-4393-8FD4-D08A90E91A98}.Release|Any CPU.Build.0 = Release|Any CPU
	EndGlobalSection
	GlobalSection(SolutionProperties) = preSolution
		HideSolutionNode = FALSE
	EndGlobalSection
	GlobalSection(ExtensibilityGlobals) = postSolution
		SolutionGuid = {6D372B0D-2FE9-4D11-BF01-406BC7E4859D}
	EndGlobalSection
EndGlobal
